
Microsoft Visual Studio Solution File, Format Version 12.00
# Visual Studio Version 17
VisualStudioVersion = 17.3.32929.385
MinimumVisualStudioVersion = 10.0.40219.1
Project("{FAE04EC0-301F-11D3-BF4B-00C04F79EFBC}") = "Projeto01.Views", "Projeto01.Views\Projeto01.Views.csproj", "{E9F93BE7-EE3D-4634-8058-A1BFEEADA164}"
EndProject
Project("{FAE04EC0-301F-11D3-BF4B-00C04F79EFBC}") = "BibliotecaClasses", "BibliotecaClasses\BibliotecaClasses.csproj", "{65EAC49C-B91B-4DEC-A453-B61340B9811F}"
EndProject
Project("{FAE04EC0-301F-11D3-BF4B-00C04F79EFBC}") = "Projeto02.Construtores", "Projeto02.Construtores\Projeto02.Construtores.csproj", "{BB54CDF9-04AA-40CC-9234-F393FF4FA5A2}"
EndProject
Global
	GlobalSection(SolutionConfigurationPlatforms) = preSolution
		Debug|Any CPU = Debug|Any CPU
		Release|Any CPU = Release|Any CPU
	EndGlobalSection
	GlobalSection(ProjectConfigurationPlatforms) = postSolution
		{E9F93BE7-EE3D-4634-8058-A1BFEEADA164}.Debug|Any CPU.ActiveCfg = Debug|Any CPU
		{E9F93BE7-EE3D-4634-8058-A1BFEEADA164}.Debug|Any CPU.Build.0 = Debug|Any CPU
		{E9F93BE7-EE3D-4634-8058-A1BFEEADA164}.Release|Any CPU.ActiveCfg = Release|Any CPU
		{E9F93BE7-EE3D-4634-8058-A1BFEEADA164}.Release|Any CPU.Build.0 = Release|Any CPU
		{65EAC49C-B91B-4DEC-A453-B61340B9811F}.Debug|Any CPU.ActiveCfg = Debug|Any CPU
		{65EAC49C-B91B-4DEC-A453-B61340B9811F}.Debug|Any CPU.Build.0 = Debug|Any CPU
		{65EAC49C-B91B-4DEC-A453-B61340B9811F}.Release|Any CPU.ActiveCfg = Release|Any CPU
		{65EAC49C-B91B-4DEC-A453-B61340B9811F}.Release|Any CPU.Build.0 = Release|Any CPU
		{BB54CDF9-04AA-40CC-9234-F393FF4FA5A2}.Debug|Any CPU.ActiveCfg = Debug|Any CPU
		{BB54CDF9-04AA-40CC-9234-F393FF4FA5A2}.Debug|Any CPU.Build.0 = Debug|Any CPU
		{BB54CDF9-04AA-40CC-9234-F393FF4FA5A2}.Release|Any CPU.ActiveCfg = Release|Any CPU
		{BB54CDF9-04AA-40CC-9234-F393FF4FA5A2}.Release|Any CPU.Build.0 = Release|Any CPU
	EndGlobalSection
	GlobalSection(SolutionProperties) = preSolution
		HideSolutionNode = FALSE
	EndGlobalSection
	GlobalSection(ExtensibilityGlobals) = postSolution
		SolutionGuid = {0607A9B5-E247-4147-89C5-6D3F7AB94D3D}
	EndGlobalSection
EndGlobal
